// !$*UTF8*$!
{
	archiveVersion = 1;
	classes = {
	};
	objectVersion = 46;
	objects = {

/* Begin PBXBuildFile section */
		12C6ECB91A13B43B0050F76B /* main.m in Sources */ = {isa = PBXBuildFile; fileRef = 12C6ECB81A13B43B0050F76B /* main.m */; };
		12C6ECBC1A13B43B0050F76B /* AppDelegate.m in Sources */ = {isa = PBXBuildFile; fileRef = 12C6ECBB1A13B43B0050F76B /* AppDelegate.m */; };
		12C6ECBF1A13B43B0050F76B /* FirstViewController.m in Sources */ = {isa = PBXBuildFile; fileRef = 12C6ECBE1A13B43B0050F76B /* FirstViewController.m */; };
		12C6ECC21A13B43B0050F76B /* SecondViewController.m in Sources */ = {isa = PBXBuildFile; fileRef = 12C6ECC11A13B43B0050F76B /* SecondViewController.m */; };
		12C6ECC51A13B43B0050F76B /* Main.storyboard in Resources */ = {isa = PBXBuildFile; fileRef = 12C6ECC31A13B43B0050F76B /* Main.storyboard */; };
		12C6ECC71A13B43B0050F76B /* Images.xcassets in Resources */ = {isa = PBXBuildFile; fileRef = 12C6ECC61A13B43B0050F76B /* Images.xcassets */; };
		12C6ECCA1A13B43B0050F76B /* LaunchScreen.xib in Resources */ = {isa = PBXBuildFile; fileRef = 12C6ECC81A13B43B0050F76B /* LaunchScreen.xib */; };
		12C6ECD61A13B43B0050F76B /* MatchedupTests.m in Sources */ = {isa = PBXBuildFile; fileRef = 12C6ECD51A13B43B0050F76B /* MatchedupTests.m */; };
/* End PBXBuildFile section */

/* Begin PBXContainerItemProxy section */
		12C6ECD01A13B43B0050F76B /* PBXContainerItemProxy */ = {
			isa = PBXContainerItemProxy;
			containerPortal = 12C6ECAB1A13B43A0050F76B /* Project object */;
			proxyType = 1;
			remoteGlobalIDString = 12C6ECB21A13B43A0050F76B;
			remoteInfo = Matchedup;
		};
/* End PBXContainerItemProxy section */

/* Begin PBXFileReference section */
		12C6ECB31A13B43B0050F76B /* Matchedup.app */ = {isa = PBXFileReference; explicitFileType = wrapper.application; includeInIndex = 0; path = Matchedup.app; sourceTree = BUILT_PRODUCTS_DIR; };
		12C6ECB71A13B43B0050F76B /* Info.plist */ = {isa = PBXFileReference; lastKnownFileType = text.plist.xml; path = Info.plist; sourceTree = "<group>"; };
		12C6ECB81A13B43B0050F76B /* main.m */ = {isa = PBXFileReference; lastKnownFileType = sourcecode.c.objc; path = main.m; sourceTree = "<group>"; };
		12C6ECBA1A13B43B0050F76B /* AppDelegate.h */ = {isa = PBXFileReference; lastKnownFileType = sourcecode.c.h; path = AppDelegate.h; sourceTree = "<group>"; };
		12C6ECBB1A13B43B0050F76B /* AppDelegate.m */ = {isa = PBXFileReference; lastKnownFileType = sourcecode.c.objc; path = AppDelegate.m; sourceTree = "<group>"; };
		12C6ECBD1A13B43B0050F76B /* FirstViewController.h */ = {isa = PBXFileReference; lastKnownFileType = sourcecode.c.h; path = FirstViewController.h; sourceTree = "<group>"; };
		12C6ECBE1A13B43B0050F76B /* FirstViewController.m */ = {isa = PBXFileReference; lastKnownFileType = sourcecode.c.objc; path = FirstViewController.m; sourceTree = "<group>"; };
		12C6ECC01A13B43B0050F76B /* SecondViewController.h */ = {isa = PBXFileReference; lastKnownFileType = sourcecode.c.h; path = SecondViewController.h; sourceTree = "<group>"; };
		12C6ECC11A13B43B0050F76B /* SecondViewController.m */ = {isa = PBXFileReference; lastKnownFileType = sourcecode.c.objc; path = SecondViewController.m; sourceTree = "<group>"; };
		12C6ECC41A13B43B0050F76B /* Base */ = {isa = PBXFileReference; lastKnownFileType = file.storyboard; name = Base; path = Base.lproj/Main.storyboard; sourceTree = "<group>"; };
		12C6ECC61A13B43B0050F76B /* Images.xcassets */ = {isa = PBXFileReference; lastKnownFileType = folder.assetcatalog; path = Images.xcassets; sourceTree = "<group>"; };
		12C6ECC91A13B43B0050F76B /* Base */ = {isa = PBXFileReference; lastKnownFileType = file.xib; name = Base; path = Base.lproj/LaunchScreen.xib; sourceTree = "<group>"; };
		12C6ECCF1A13B43B0050F76B /* MatchedupTests.xctest */ = {isa = PBXFileReference; explicitFileType = wrapper.cfbundle; includeInIndex = 0; path = MatchedupTests.xctest; sourceTree = BUILT_PRODUCTS_DIR; };
		12C6ECD41A13B43B0050F76B /* Info.plist */ = {isa = PBXFileReference; lastKnownFileType = text.plist.xml; path = Info.plist; sourceTree = "<group>"; };
		12C6ECD51A13B43B0050F76B /* MatchedupTests.m */ = {isa = PBXFileReference; lastKnownFileType = sourcecode.c.objc; path = MatchedupTests.m; sourceTree = "<group>"; };
/* End PBXFileReference section */

/* Begin PBXFrameworksBuildPhase section */
		12C6ECB01A13B43A0050F76B /* Frameworks */ = {
			isa = PBXFrameworksBuildPhase;
			buildActionMask = 2147483647;
			files = (
			);
			runOnlyForDeploymentPostprocessing = 0;
		};
		12C6ECCC1A13B43B0050F76B /* Frameworks */ = {
			isa = PBXFrameworksBuildPhase;
			buildActionMask = 2147483647;
			files = (
			);
			runOnlyForDeploymentPostprocessing = 0;
		};
/* End PBXFrameworksBuildPhase section */

/* Begin PBXGroup section */
		12C6ECAA1A13B43A0050F76B = {
			isa = PBXGroup;
			children = (
				12C6ECB51A13B43B0050F76B /* Matchedup */,
				12C6ECD21A13B43B0050F76B /* MatchedupTests */,
				12C6ECB41A13B43B0050F76B /* Products */,
			);
			sourceTree = "<group>";
		};
		12C6ECB41A13B43B0050F76B /* Products */ = {
			isa = PBXGroup;
			children = (
				12C6ECB31A13B43B0050F76B /* Matchedup.app */,
				12C6ECCF1A13B43B0050F76B /* MatchedupTests.xctest */,
			);
			name = Products;
			sourceTree = "<group>";
		};
		12C6ECB51A13B43B0050F76B /* Matchedup */ = {
			isa = PBXGroup;
			children = (
				12C6ECBA1A13B43B0050F76B /* AppDelegate.h */,
				12C6ECBB1A13B43B0050F76B /* AppDelegate.m */,
				12C6ECBD1A13B43B0050F76B /* FirstViewController.h */,
				12C6ECBE1A13B43B0050F76B /* FirstViewController.m */,
				12C6ECC01A13B43B0050F76B /* SecondViewController.h */,
				12C6ECC11A13B43B0050F76B /* SecondViewController.m */,
				12C6ECC31A13B43B0050F76B /* Main.storyboard */,
				12C6ECC61A13B43B0050F76B /* Images.xcassets */,
				12C6ECC81A13B43B0050F76B /* LaunchScreen.xib */,
				12C6ECB61A13B43B0050F76B /* Supporting Files */,
			);
			path = Matchedup;
			sourceTree = "<group>";
		};
		12C6ECB61A13B43B0050F76B /* Supporting Files */ = {
			isa = PBXGroup;
			children = (
				12C6ECB71A13B43B0050F76B /* Info.plist */,
				12C6ECB81A13B43B0050F76B /* main.m */,
			);
			name = "Supporting Files";
			sourceTree = "<group>";
		};
		12C6ECD21A13B43B0050F76B /* MatchedupTests */ = {
			isa = PBXGroup;
			children = (
				12C6ECD51A13B43B0050F76B /* MatchedupTests.m */,
				12C6ECD31A13B43B0050F76B /* Supporting Files */,
			);
			path = MatchedupTests;
			sourceTree = "<group>";
		};
		12C6ECD31A13B43B0050F76B /* Supporting Files */ = {
			isa = PBXGroup;
			children = (
				12C6ECD41A13B43B0050F76B /* Info.plist */,
			);
			name = "Supporting Files";
			sourceTree = "<group>";
		};
/* End PBXGroup section */

/* Begin PBXNativeTarget section */
		12C6ECB21A13B43A0050F76B /* Matchedup */ = {
			isa = PBXNativeTarget;
			buildConfigurationList = 12C6ECD91A13B43B0050F76B /* Build configuration list for PBXNativeTarget "Matchedup" */;
			buildPhases = (
				12C6ECAF1A13B43A0050F76B /* Sources */,
				12C6ECB01A13B43A0050F76B /* Frameworks */,
				12C6ECB11A13B43A0050F76B /* Resources */,
			);
			buildRules = (
			);
			dependencies = (
			);
			name = Matchedup;
			productName = Matchedup;
			productReference = 12C6ECB31A13B43B0050F76B /* Matchedup.app */;
			productType = "com.apple.product-type.application";
		};
		12C6ECCE1A13B43B0050F76B /* MatchedupTests */ = {
			isa = PBXNativeTarget;
			buildConfigurationList = 12C6ECDC1A13B43B0050F76B /* Build configuration list for PBXNativeTarget "MatchedupTests" */;
			buildPhases = (
				12C6ECCB1A13B43B0050F76B /* Sources */,
				12C6ECCC1A13B43B0050F76B /* Frameworks */,
				12C6ECCD1A13B43B0050F76B /* Resources */,
			);
			buildRules = (
			);
			dependencies = (
				12C6ECD11A13B43B0050F76B /* PBXTargetDependency */,
			);
			name = MatchedupTests;
			productName = MatchedupTests;
			productReference = 12C6ECCF1A13B43B0050F76B /* MatchedupTests.xctest */;
			productType = "com.apple.product-type.bundle.unit-test";
		};
/* End PBXNativeTarget section */

/* Begin PBXProject section */
		12C6ECAB1A13B43A0050F76B /* Project object */ = {
			isa = PBXProject;
			attributes = {
				LastUpgradeCheck = 0610;
				TargetAttributes = {
					12C6ECB21A13B43A0050F76B = {
						CreatedOnToolsVersion = 6.1;
					};
					12C6ECCE1A13B43B0050F76B = {
						CreatedOnToolsVersion = 6.1;
						TestTargetID = 12C6ECB21A13B43A0050F76B;
					};
				};
			};
			buildConfigurationList = 12C6ECAE1A13B43A0050F76B /* Build configuration list for PBXProject "Matchedup" */;
			compatibilityVersion = "Xcode 3.2";
			developmentRegion = English;
			hasScannedForEncodings = 0;
			knownRegions = (
				en,
				Base,
			);
			mainGroup = 12C6ECAA1A13B43A0050F76B;
			productRefGroup = 12C6ECB41A13B43B0050F76B /* Products */;
			projectDirPath = "";
			projectRoot = "";
			targets = (
				12C6ECB21A13B43A0050F76B /* Matchedup */,
				12C6ECCE1A13B43B0050F76B /* MatchedupTests */,
			);
		};
/* End PBXProject section */

/* Begin PBXResourcesBuildPhase section */
		12C6ECB11A13B43A0050F76B /* Resources */ = {
			isa = PBXResourcesBuildPhase;
			buildActionMask = 2147483647;
			files = (
				12C6ECC51A13B43B0050F76B /* Main.storyboard in Resources */,
				12C6ECCA1A13B43B0050F76B /* LaunchScreen.xib in Resources */,
				12C6ECC71A13B43B0050F76B /* Images.xcassets in Resources */,
			);
			runOnlyForDeploymentPostprocessing = 0;
		};
		12C6ECCD1A13B43B0050F76B /* Resources */ = {
			isa = PBXResourcesBuildPhase;
			buildActionMask = 2147483647;
			files = (
			);
			runOnlyForDeploymentPostprocessing = 0;
		};
/* End PBXResourcesBuildPhase section */

/* Begin PBXSourcesBuildPhase section */
		12C6ECAF1A13B43A0050F76B /* Sources */ = {
			isa = PBXSourcesBuildPhase;
			buildActionMask = 2147483647;
			files = (
				12C6ECC21A13B43B0050F76B /* SecondViewController.m in Sources */,
				12C6ECBC1A13B43B0050F76B /* AppDelegate.m in Sources */,
				12C6ECBF1A13B43B0050F76B /* FirstViewController.m in Sources */,
				12C6ECB91A13B43B0050F76B /* main.m in Sources */,
			);
			runOnlyForDeploymentPostprocessing = 0;
		};
		12C6ECCB1A13B43B0050F76B /* Sources */ = {
			isa = PBXSourcesBuildPhase;
			buildActionMask = 2147483647;
			files = (
				12C6ECD61A13B43B0050F76B /* MatchedupTests.m in Sources */,
			);
			runOnlyForDeploymentPostprocessing = 0;
		};
/* End PBXSourcesBuildPhase section */

/* Begin PBXTargetDependency section */
		12C6ECD11A13B43B0050F76B /* PBXTargetDependency */ = {
			isa = PBXTargetDependency;
			target = 12C6ECB21A13B43A0050F76B /* Matchedup */;
			targetProxy = 12C6ECD01A13B43B0050F76B /* PBXContainerItemProxy */;
		};
/* End PBXTargetDependency section */

/* Begin PBXVariantGroup section */
		12C6ECC31A13B43B0050F76B /* Main.storyboard */ = {
			isa = PBXVariantGroup;
			children = (
				12C6ECC41A13B43B0050F76B /* Base */,
			);
			name = Main.storyboard;
			sourceTree = "<group>";
		};
		12C6ECC81A13B43B0050F76B /* LaunchScreen.xib */ = {
			isa = PBXVariantGroup;
			children = (
				12C6ECC91A13B43B0050F76B /* Base */,
			);
			name = LaunchScreen.xib;
			sourceTree = "<group>";
		};
/* End PBXVariantGroup section */

/* Begin XCBuildConfiguration section */
		12C6ECD71A13B43B0050F76B /* Debug */ = {
			isa = XCBuildConfiguration;
			buildSettings = {
				ALWAYS_SEARCH_USER_PATHS = NO;
				CLANG_CXX_LANGUAGE_STANDARD = "gnu++0x";
				CLANG_CXX_LIBRARY = "libc++";
				CLANG_ENABLE_MODULES = YES;
				CLANG_ENABLE_OBJC_ARC = YES;
				CLANG_WARN_BOOL_CONVERSION = YES;
				CLANG_WARN_CONSTANT_CONVERSION = YES;
				CLANG_WARN_DIRECT_OBJC_ISA_USAGE = YES_ERROR;
				CLANG_WARN_EMPTY_BODY = YES;
				CLANG_WARN_ENUM_CONVERSION = YES;
				CLANG_WARN_INT_CONVERSION = YES;
				CLANG_WARN_OBJC_ROOT_CLASS = YES_ERROR;
				CLANG_WARN_UNREACHABLE_CODE = YES;
				CLANG_WARN__DUPLICATE_METHOD_MATCH = YES;
				"CODE_SIGN_IDENTITY[sdk=iphoneos*]" = "iPhone Developer";
				COPY_PHASE_STRIP = NO;
				ENABLE_STRICT_OBJC_MSGSEND = YES;
				GCC_C_LANGUAGE_STANDARD = gnu99;
				GCC_DYNAMIC_NO_PIC = NO;
				GCC_OPTIMIZATION_LEVEL = 0;
				GCC_PREPROCESSOR_DEFINITIONS = (
					"DEBUG=1",
					"$(inherited)",
				);
				GCC_SYMBOLS_PRIVATE_EXTERN = NO;
				GCC_WARN_64_TO_32_BIT_CONVERSION = YES;
				GCC_WARN_ABOUT_RETURN_TYPE = YES_ERROR;
				GCC_WARN_UNDECLARED_SELECTOR = YES;
				GCC_WARN_UNINITIALIZED_AUTOS = YES_AGGRESSIVE;
				GCC_WARN_UNUSED_FUNCTION = YES;
				GCC_WARN_UNUSED_VARIABLE = YES;
				IPHONEOS_DEPLOYMENT_TARGET = 8.1;
				MTL_ENABLE_DEBUG_INFO = YES;
				ONLY_ACTIVE_ARCH = YES;
				SDKROOT = iphoneos;
			};
			name = Debug;
		};
		12C6ECD81A13B43B0050F76B /* Release */ = {
			isa = XCBuildConfiguration;
			buildSettings = {
				ALWAYS_SEARCH_USER_PATHS = NO;
				CLANG_CXX_LANGUAGE_STANDARD = "gnu++0x";
				CLANG_CXX_LIBRARY = "libc++";
				CLANG_ENABLE_MODULES = YES;
				CLANG_ENABLE_OBJC_ARC = YES;
				CLANG_WARN_BOOL_CONVERSION = YES;
				CLANG_WARN_CONSTANT_CONVERSION = YES;
				CLANG_WARN_DIRECT_OBJC_ISA_USAGE = YES_ERROR;
				CLANG_WARN_EMPTY_BODY = YES;
				CLANG_WARN_ENUM_CONVERSION = YES;
				CLANG_WARN_INT_CONVERSION = YES;
				CLANG_WARN_OBJC_ROOT_CLASS = YES_ERROR;
				CLANG_WARN_UNREACHABLE_CODE = YES;
				CLANG_WARN__DUPLICATE_METHOD_MATCH = YES;
				"CODE_SIGN_IDENTITY[sdk=iphoneos*]" = "iPhone Developer";
				COPY_PHASE_STRIP = YES;
				ENABLE_NS_ASSERTIONS = NO;
				ENABLE_STRICT_OBJC_MSGSEND = YES;
				GCC_C_LANGUAGE_STANDARD = gnu99;
				GCC_WARN_64_TO_32_BIT_CONVERSION = YES;
				GCC_WARN_ABOUT_RETURN_TYPE = YES_ERROR;
				GCC_WARN_UNDECLARED_SELECTOR = YES;
				GCC_WARN_UNINITIALIZED_AUTOS = YES_AGGRESSIVE;
				GCC_WARN_UNUSED_FUNCTION = YES;
				GCC_WARN_UNUSED_VARIABLE = YES;
				IPHONEOS_DEPLOYMENT_TARGET = 8.1;
				MTL_ENABLE_DEBUG_INFO = NO;
				SDKROOT = iphoneos;
				VALIDATE_PRODUCT = YES;
			};
			name = Release;
		};
		12C6ECDA1A13B43B0050F76B /* Debug */ = {
			isa = XCBuildConfiguration;
			buildSettings = {
				ASSETCATALOG_COMPILER_APPICON_NAME = AppIcon;
				INFOPLIST_FILE = Matchedup/Info.plist;
				LD_RUNPATH_SEARCH_PATHS = "$(inherited) @executable_path/Frameworks";
				PRODUCT_NAME = "$(TARGET_NAME)";
			};
			name = Debug;
		};
		12C6ECDB1A13B43B0050F76B /* Release */ = {
			isa = XCBuildConfiguration;
			buildSettings = {
				ASSETCATALOG_COMPILER_APPICON_NAME = AppIcon;
				INFOPLIST_FILE = Matchedup/Info.plist;
				LD_RUNPATH_SEARCH_PATHS = "$(inherited) @executable_path/Frameworks";
				PRODUCT_NAME = "$(TARGET_NAME)";
			};
			name = Release;
		};
		12C6ECDD1A13B43B0050F76B /* Debug */ = {
			isa = XCBuildConfiguration;
			buildSettings = {
				BUNDLE_LOADER = "$(TEST_HOST)";
				FRAMEWORK_SEARCH_PATHS = (
					"$(SDKROOT)/Developer/Library/Frameworks",
					"$(inherited)",
				);
				GCC_PREPROCESSOR_DEFINITIONS = (
					"DEBUG=1",
					"$(inherited)",
				);
				INFOPLIST_FILE = MatchedupTests/Info.plist;
				LD_RUNPATH_SEARCH_PATHS = "$(inherited) @executable_path/Frameworks @loader_path/Frameworks";
				PRODUCT_NAME = "$(TARGET_NAME)";
				TEST_HOST = "$(BUILT_PRODUCTS_DIR)/Matchedup.app/Matchedup";
			};
			name = Debug;
		};
		12C6ECDE1A13B43B0050F76B /* Release */ = {
			isa = XCBuildConfiguration;
			buildSettings = {
				BUNDLE_LOADER = "$(TEST_HOST)";
				FRAMEWORK_SEARCH_PATHS = (
					"$(SDKROOT)/Developer/Library/Frameworks",
					"$(inherited)",
				);
				INFOPLIST_FILE = MatchedupTests/Info.plist;
				LD_RUNPATH_SEARCH_PATHS = "$(inherited) @executable_path/Frameworks @loader_path/Frameworks";
				PRODUCT_NAME = "$(TARGET_NAME)";
				TEST_HOST = "$(BUILT_PRODUCTS_DIR)/Matchedup.app/Matchedup";
			};
			name = Release;
		};
/* End XCBuildConfiguration section */

/* Begin XCConfigurationList section */
		12C6ECAE1A13B43A0050F76B /* Build configuration list for PBXProject "Matchedup" */ = {
			isa = XCConfigurationList;
			buildConfigurations = (
				12C6ECD71A13B43B0050F76B /* Debug */,
				12C6ECD81A13B43B0050F76B /* Release */,
			);
			defaultConfigurationIsVisible = 0;
			defaultConfigurationName = Release;
		};
		12C6ECD91A13B43B0050F76B /* Build configuration list for PBXNativeTarget "Matchedup" */ = {
			isa = XCConfigurationList;
			buildConfigurations = (
				12C6ECDA1A13B43B0050F76B /* Debug */,
				12C6ECDB1A13B43B0050F76B /* Release */,
			);
			defaultConfigurationIsVisible = 0;
		};
		12C6ECDC1A13B43B0050F76B /* Build configuration list for PBXNativeTarget "MatchedupTests" */ = {
			isa = XCConfigurationList;
			buildConfigurations = (
				12C6ECDD1A13B43B0050F76B /* Debug */,
				12C6ECDE1A13B43B0050F76B /* Release */,
			);
			defaultConfigurationIsVisible = 0;
		};
/* End XCConfigurationList section */
	};
	rootObject = 12C6ECAB1A13B43A0050F76B /* Project object */;
}
